// !$*UTF8*$!
{
	archiveVersion = 1;
	classes = {
	};
	objectVersion = 56;
	objects = {

/* Begin PBXBuildFile section */
		3D258CFF2977711B00DF5D68 /* SoundManager.swift in Sources */ = {isa = PBXBuildFile; fileRef = 3D258CFE2977711B00DF5D68 /* SoundManager.swift */; };
		3D258D492977725F00DF5D68 /* i.mp3 in Resources */ = {isa = PBXBuildFile; fileRef = 3D258D012977725C00DF5D68 /* i.mp3 */; };
		3D258D4A2977725F00DF5D68 /* ng.mp3 in Resources */ = {isa = PBXBuildFile; fileRef = 3D258D022977725C00DF5D68 /* ng.mp3 */; };
		3D258D4B2977725F00DF5D68 /* st.mp3 in Resources */ = {isa = PBXBuildFile; fileRef = 3D258D032977725C00DF5D68 /* st.mp3 */; };
		3D258D4C2977725F00DF5D68 /* ur.mp3 in Resources */ = {isa = PBXBuildFile; fileRef = 3D258D042977725C00DF5D68 /* ur.mp3 */; };
		3D258D4D2977725F00DF5D68 /* ay.mp3 in Resources */ = {isa = PBXBuildFile; fileRef = 3D258D052977725C00DF5D68 /* ay.mp3 */; };
		3D258D4E2977725F00DF5D68 /* oy.mp3 in Resources */ = {isa = PBXBuildFile; fileRef = 3D258D062977725C00DF5D68 /* oy.mp3 */; };
		3D258D4F2977725F00DF5D68 /* e.mp3 in Resources */ = {isa = PBXBuildFile; fileRef = 3D258D072977725C00DF5D68 /* e.mp3 */; };
		3D258D502977725F00DF5D68 /* or.mp3 in Resources */ = {isa = PBXBuildFile; fileRef = 3D258D082977725C00DF5D68 /* or.mp3 */; };
		3D258D512977725F00DF5D68 /* sl.mp3 in Resources */ = {isa = PBXBuildFile; fileRef = 3D258D092977725C00DF5D68 /* sl.mp3 */; };
		3D258D522977725F00DF5D68 /* tr.mp3 in Resources */ = {isa = PBXBuildFile; fileRef = 3D258D0A2977725C00DF5D68 /* tr.mp3 */; };
		3D258D532977725F00DF5D68 /* ou.mp3 in Resources */ = {isa = PBXBuildFile; fileRef = 3D258D0B2977725C00DF5D68 /* ou.mp3 */; };
		3D258D542977725F00DF5D68 /* x.mp3 in Resources */ = {isa = PBXBuildFile; fileRef = 3D258D0C2977725C00DF5D68 /* x.mp3 */; };
		3D258D552977725F00DF5D68 /* q.mp3 in Resources */ = {isa = PBXBuildFile; fileRef = 3D258D0D2977725C00DF5D68 /* q.mp3 */; };
		3D258D562977725F00DF5D68 /* k.mp3 in Resources */ = {isa = PBXBuildFile; fileRef = 3D258D0E2977725C00DF5D68 /* k.mp3 */; };
		3D258D572977725F00DF5D68 /* ch.mp3 in Resources */ = {isa = PBXBuildFile; fileRef = 3D258D0F2977725D00DF5D68 /* ch.mp3 */; };
		3D258D582977725F00DF5D68 /* nt.mp3 in Resources */ = {isa = PBXBuildFile; fileRef = 3D258D102977725D00DF5D68 /* nt.mp3 */; };
		3D258D592977725F00DF5D68 /* u.mp3 in Resources */ = {isa = PBXBuildFile; fileRef = 3D258D112977725D00DF5D68 /* u.mp3 */; };
		3D258D5A2977725F00DF5D68 /* sn.mp3 in Resources */ = {isa = PBXBuildFile; fileRef = 3D258D122977725D00DF5D68 /* sn.mp3 */; };
		3D258D5B2977725F00DF5D68 /* wh.mp3 in Resources */ = {isa = PBXBuildFile; fileRef = 3D258D132977725D00DF5D68 /* wh.mp3 */; };
		3D258D5C2977725F00DF5D68 /* mp.mp3 in Resources */ = {isa = PBXBuildFile; fileRef = 3D258D142977725D00DF5D68 /* mp.mp3 */; };
		3D258D5D2977725F00DF5D68 /* ow_au.mp3 in Resources */ = {isa = PBXBuildFile; fileRef = 3D258D152977725D00DF5D68 /* ow_au.mp3 */; };
		3D258D5E2977725F00DF5D68 /* y.mp3 in Resources */ = {isa = PBXBuildFile; fileRef = 3D258D162977725D00DF5D68 /* y.mp3 */; };
		3D258D5F2977725F00DF5D68 /* excellent.mp3 in Resources */ = {isa = PBXBuildFile; fileRef = 3D258D172977725D00DF5D68 /* excellent.mp3 */; };
		3D258D602977725F00DF5D68 /* good.mp3 in Resources */ = {isa = PBXBuildFile; fileRef = 3D258D182977725D00DF5D68 /* good.mp3 */; };
		3D258D612977725F00DF5D68 /* br.mp3 in Resources */ = {isa = PBXBuildFile; fileRef = 3D258D192977725D00DF5D68 /* br.mp3 */; };
		3D258D622977725F00DF5D68 /* ir.mp3 in Resources */ = {isa = PBXBuildFile; fileRef = 3D258D1A2977725D00DF5D68 /* ir.mp3 */; };
		3D258D632977725F00DF5D68 /* er.mp3 in Resources */ = {isa = PBXBuildFile; fileRef = 3D258D1B2977725D00DF5D68 /* er.mp3 */; };
		3D258D642977725F00DF5D68 /* pr.mp3 in Resources */ = {isa = PBXBuildFile; fileRef = 3D258D1C2977725D00DF5D68 /* pr.mp3 */; };
		3D258D652977725F00DF5D68 /* p.mp3 in Resources */ = {isa = PBXBuildFile; fileRef = 3D258D1D2977725D00DF5D68 /* p.mp3 */; };
		3D258D662977725F00DF5D68 /* cl.mp3 in Resources */ = {isa = PBXBuildFile; fileRef = 3D258D1E2977725D00DF5D68 /* cl.mp3 */; };
		3D258D672977725F00DF5D68 /* bl.mp3 in Resources */ = {isa = PBXBuildFile; fileRef = 3D258D1F2977725D00DF5D68 /* bl.mp3 */; };
		3D258D682977725F00DF5D68 /* s.mp3 in Resources */ = {isa = PBXBuildFile; fileRef = 3D258D202977725D00DF5D68 /* s.mp3 */; };
		3D258D692977725F00DF5D68 /* d.mp3 in Resources */ = {isa = PBXBuildFile; fileRef = 3D258D212977725D00DF5D68 /* d.mp3 */; };
		3D258D6A2977725F00DF5D68 /* v.mp3 in Resources */ = {isa = PBXBuildFile; fileRef = 3D258D222977725D00DF5D68 /* v.mp3 */; };
		3D258D6B2977725F00DF5D68 /* w.mp3 in Resources */ = {isa = PBXBuildFile; fileRef = 3D258D232977725D00DF5D68 /* w.mp3 */; };
		3D258D6C2977725F00DF5D68 /* l.mp3 in Resources */ = {isa = PBXBuildFile; fileRef = 3D258D242977725D00DF5D68 /* l.mp3 */; };
		3D258D6D2977725F00DF5D68 /* fr.mp3 in Resources */ = {isa = PBXBuildFile; fileRef = 3D258D252977725D00DF5D68 /* fr.mp3 */; };
		3D258D6E2977725F00DF5D68 /* oi.mp3 in Resources */ = {isa = PBXBuildFile; fileRef = 3D258D262977725D00DF5D68 /* oi.mp3 */; };
		3D258D6F2977725F00DF5D68 /* ea.mp3 in Resources */ = {isa = PBXBuildFile; fileRef = 3D258D272977725D00DF5D68 /* ea.mp3 */; };
		3D258D702977725F00DF5D68 /* fl.mp3 in Resources */ = {isa = PBXBuildFile; fileRef = 3D258D282977725D00DF5D68 /* fl.mp3 */; };
		3D258D712977725F00DF5D68 /* r.mp3 in Resources */ = {isa = PBXBuildFile; fileRef = 3D258D292977725D00DF5D68 /* r.mp3 */; };
		3D258D722977725F00DF5D68 /* b.mp3 in Resources */ = {isa = PBXBuildFile; fileRef = 3D258D2A2977725D00DF5D68 /* b.mp3 */; };
		3D258D732977725F00DF5D68 /* ow_ou.mp3 in Resources */ = {isa = PBXBuildFile; fileRef = 3D258D2B2977725E00DF5D68 /* ow_ou.mp3 */; };
		3D258D742977725F00DF5D68 /* t.mp3 in Resources */ = {isa = PBXBuildFile; fileRef = 3D258D2C2977725E00DF5D68 /* t.mp3 */; };
		3D258D752977725F00DF5D68 /* oo_lax_u.mp3 in Resources */ = {isa = PBXBuildFile; fileRef = 3D258D2D2977725E00DF5D68 /* oo_lax_u.mp3 */; };
		3D258D762977725F00DF5D68 /* g.mp3 in Resources */ = {isa = PBXBuildFile; fileRef = 3D258D2E2977725E00DF5D68 /* g.mp3 */; };
		3D258D772977725F00DF5D68 /* ee.mp3 in Resources */ = {isa = PBXBuildFile; fileRef = 3D258D2F2977725E00DF5D68 /* ee.mp3 */; };
		3D258D782977725F00DF5D68 /* m_or_n.wav in Resources */ = {isa = PBXBuildFile; fileRef = 3D258D302977725E00DF5D68 /* m_or_n.wav */; };
		3D258D792977725F00DF5D68 /* ai.mp3 in Resources */ = {isa = PBXBuildFile; fileRef = 3D258D312977725E00DF5D68 /* ai.mp3 */; };
		3D258D7A2977725F00DF5D68 /* z.mp3 in Resources */ = {isa = PBXBuildFile; fileRef = 3D258D322977725E00DF5D68 /* z.mp3 */; };
		3D258D7B2977725F00DF5D68 /* nk.mp3 in Resources */ = {isa = PBXBuildFile; fileRef = 3D258D332977725E00DF5D68 /* nk.mp3 */; };
		3D258D7C2977725F00DF5D68 /* sw.mp3 in Resources */ = {isa = PBXBuildFile; fileRef = 3D258D342977725E00DF5D68 /* sw.mp3 */; };
		3D258D7D2977725F00DF5D68 /* dr.mp3 in Resources */ = {isa = PBXBuildFile; fileRef = 3D258D352977725E00DF5D68 /* dr.mp3 */; };
		3D258D7E2977725F00DF5D68 /* oo_tense_u.mp3 in Resources */ = {isa = PBXBuildFile; fileRef = 3D258D362977725E00DF5D68 /* oo_tense_u.mp3 */; };
		3D258D7F2977725F00DF5D68 /* o.mp3 in Resources */ = {isa = PBXBuildFile; fileRef = 3D258D372977725E00DF5D68 /* o.mp3 */; };
		3D258D802977725F00DF5D68 /* ar.mp3 in Resources */ = {isa = PBXBuildFile; fileRef = 3D258D382977725E00DF5D68 /* ar.mp3 */; };
		3D258D812977725F00DF5D68 /* cr.mp3 in Resources */ = {isa = PBXBuildFile; fileRef = 3D258D392977725E00DF5D68 /* cr.mp3 */; };
		3D258D822977725F00DF5D68 /* pl.mp3 in Resources */ = {isa = PBXBuildFile; fileRef = 3D258D3A2977725E00DF5D68 /* pl.mp3 */; };
		3D258D832977725F00DF5D68 /* gl.mp3 in Resources */ = {isa = PBXBuildFile; fileRef = 3D258D3B2977725E00DF5D68 /* gl.mp3 */; };
		3D258D842977725F00DF5D68 /* a.mp3 in Resources */ = {isa = PBXBuildFile; fileRef = 3D258D3C2977725E00DF5D68 /* a.mp3 */; };
		3D258D852977725F00DF5D68 /* m.mp3 in Resources */ = {isa = PBXBuildFile; fileRef = 3D258D3D2977725E00DF5D68 /* m.mp3 */; };
		3D258D872977725F00DF5D68 /* c.mp3 in Resources */ = {isa = PBXBuildFile; fileRef = 3D258D3F2977725E00DF5D68 /* c.mp3 */; };
		3D258D882977725F00DF5D68 /* f.mp3 in Resources */ = {isa = PBXBuildFile; fileRef = 3D258D402977725E00DF5D68 /* f.mp3 */; };
		3D258D892977725F00DF5D68 /* j.mp3 in Resources */ = {isa = PBXBuildFile; fileRef = 3D258D412977725E00DF5D68 /* j.mp3 */; };
		3D258D8A2977725F00DF5D68 /* th.mp3 in Resources */ = {isa = PBXBuildFile; fileRef = 3D258D422977725E00DF5D68 /* th.mp3 */; };
		3D258D8B2977725F00DF5D68 /* sh.mp3 in Resources */ = {isa = PBXBuildFile; fileRef = 3D258D432977725E00DF5D68 /* sh.mp3 */; };
		3D258D8C2977725F00DF5D68 /* h.mp3 in Resources */ = {isa = PBXBuildFile; fileRef = 3D258D442977725E00DF5D68 /* h.mp3 */; };
		3D258D8D2977725F00DF5D68 /* oa.mp3 in Resources */ = {isa = PBXBuildFile; fileRef = 3D258D452977725E00DF5D68 /* oa.mp3 */; };
		3D258D8E2977725F00DF5D68 /* sm.mp3 in Resources */ = {isa = PBXBuildFile; fileRef = 3D258D462977725E00DF5D68 /* sm.mp3 */; };
		3D258D8F2977725F00DF5D68 /* n.mp3 in Resources */ = {isa = PBXBuildFile; fileRef = 3D258D472977725F00DF5D68 /* n.mp3 */; };
		3D258D902977725F00DF5D68 /* click.wav in Resources */ = {isa = PBXBuildFile; fileRef = 3D258D482977725F00DF5D68 /* click.wav */; };
		3D258D922977767B00DF5D68 /* Camera.json in Resources */ = {isa = PBXBuildFile; fileRef = 3D258D912977767B00DF5D68 /* Camera.json */; };
		3D258D942977768D00DF5D68 /* CameraView.swift in Sources */ = {isa = PBXBuildFile; fileRef = 3D258D932977768D00DF5D68 /* CameraView.swift */; };
		3D258D98297778BB00DF5D68 /* LeftArrow.swift in Sources */ = {isa = PBXBuildFile; fileRef = 3D258D97297778BB00DF5D68 /* LeftArrow.swift */; };
		3D258D9A29777AD100DF5D68 /* TTSManager.swift in Sources */ = {isa = PBXBuildFile; fileRef = 3D258D9929777AD100DF5D68 /* TTSManager.swift */; };
		3D258D9C2977ABF300DF5D68 /* RecordingManager.swift in Sources */ = {isa = PBXBuildFile; fileRef = 3D258D9B2977ABF300DF5D68 /* RecordingManager.swift */; };
		3D258D9E2978B55300DF5D68 /* ResultsManager.swift in Sources */ = {isa = PBXBuildFile; fileRef = 3D258D9D2978B55300DF5D68 /* ResultsManager.swift */; };
		3D258DA02978C84B00DF5D68 /* GoodBackground.swift in Sources */ = {isa = PBXBuildFile; fileRef = 3D258D9F2978C84B00DF5D68 /* GoodBackground.swift */; };
		3D258DA22978C8CD00DF5D68 /* SeaElephant.swift in Sources */ = {isa = PBXBuildFile; fileRef = 3D258DA12978C8CD00DF5D68 /* SeaElephant.swift */; };
		3D258DA42978C94E00DF5D68 /* FoxTrot.swift in Sources */ = {isa = PBXBuildFile; fileRef = 3D258DA32978C94E00DF5D68 /* FoxTrot.swift */; };
		3D258DA62978CBBC00DF5D68 /* NiceTryBackground.swift in Sources */ = {isa = PBXBuildFile; fileRef = 3D258DA52978CBBC00DF5D68 /* NiceTryBackground.swift */; };
		3D258DA82978CC0F00DF5D68 /* Crocodile.swift in Sources */ = {isa = PBXBuildFile; fileRef = 3D258DA72978CC0F00DF5D68 /* Crocodile.swift */; };
		3D258DAA2978CC9B00DF5D68 /* BoxElephant.swift in Sources */ = {isa = PBXBuildFile; fileRef = 3D258DA92978CC9B00DF5D68 /* BoxElephant.swift */; };
		3D258DAC29790DEE00DF5D68 /* EFuture.otf in Resources */ = {isa = PBXBuildFile; fileRef = 3D258DAB29790DEE00DF5D68 /* EFuture.otf */; };
		3D258DAE2979128000DF5D68 /* RetryButton.swift in Sources */ = {isa = PBXBuildFile; fileRef = 3D258DAD2979128000DF5D68 /* RetryButton.swift */; };
		3D6F964D296B796200FEFBF8 /* PhonicsBuilderApp.swift in Sources */ = {isa = PBXBuildFile; fileRef = 3D6F964C296B796200FEFBF8 /* PhonicsBuilderApp.swift */; };
		3D6F964F296B796200FEFBF8 /* ContentView.swift in Sources */ = {isa = PBXBuildFile; fileRef = 3D6F964E296B796200FEFBF8 /* ContentView.swift */; };
		3D6F9651296B796300FEFBF8 /* Assets.xcassets in Resources */ = {isa = PBXBuildFile; fileRef = 3D6F9650296B796300FEFBF8 /* Assets.xcassets */; };
		3D6F9654296B796300FEFBF8 /* Preview Assets.xcassets in Resources */ = {isa = PBXBuildFile; fileRef = 3D6F9653296B796300FEFBF8 /* Preview Assets.xcassets */; };
		3D6F9672296B9EEA00FEFBF8 /* RootView.swift in Sources */ = {isa = PBXBuildFile; fileRef = 3D6F9671296B9EEA00FEFBF8 /* RootView.swift */; };
		3D6F967B296BD2DB00FEFBF8 /* Camera.swift in Sources */ = {isa = PBXBuildFile; fileRef = 3D6F967A296BD2DB00FEFBF8 /* Camera.swift */; };
		3D6F967E296FA57B00FEFBF8 /* BoundaryView.swift in Sources */ = {isa = PBXBuildFile; fileRef = 3D6F967D296FA57B00FEFBF8 /* BoundaryView.swift */; };
		3D6F9680296FA98700FEFBF8 /* DimmedView.swift in Sources */ = {isa = PBXBuildFile; fileRef = 3D6F967F296FA98700FEFBF8 /* DimmedView.swift */; };
		3D6F9682296FAB1100FEFBF8 /* EdgeBorder.swift in Sources */ = {isa = PBXBuildFile; fileRef = 3D6F9681296FAB1100FEFBF8 /* EdgeBorder.swift */; };
		3D6F9684296FAC2A00FEFBF8 /* BoundaryCornerView.swift in Sources */ = {isa = PBXBuildFile; fileRef = 3D6F9683296FAC2A00FEFBF8 /* BoundaryCornerView.swift */; };
		3D6F9687296FAD6F00FEFBF8 /* BackdropView.swift in Sources */ = {isa = PBXBuildFile; fileRef = 3D6F9686296FAD6F00FEFBF8 /* BackdropView.swift */; };
		3D6F968C296FDA4F00FEFBF8 /* ChunksView.swift in Sources */ = {isa = PBXBuildFile; fileRef = 3D6F968B296FDA4F00FEFBF8 /* ChunksView.swift */; };
		3D6F968E296FE2A500FEFBF8 /* ChunkView.swift in Sources */ = {isa = PBXBuildFile; fileRef = 3D6F968D296FE2A500FEFBF8 /* ChunkView.swift */; };
		3D6F96942970E6E200FEFBF8 /* Lottie in Frameworks */ = {isa = PBXBuildFile; productRef = 3D6F96932970E6E200FEFBF8 /* Lottie */; };
		3D6F96962970E7F600FEFBF8 /* LottieView.swift in Sources */ = {isa = PBXBuildFile; fileRef = 3D6F96952970E7F600FEFBF8 /* LottieView.swift */; };
		3D6F96982970E87800FEFBF8 /* Microphone.json in Resources */ = {isa = PBXBuildFile; fileRef = 3D6F96972970E87800FEFBF8 /* Microphone.json */; };
		3D6F969A2970EA9900FEFBF8 /* IconsView.swift in Sources */ = {isa = PBXBuildFile; fileRef = 3D6F96992970EA9900FEFBF8 /* IconsView.swift */; };
		3D6F969D29713D7F00FEFBF8 /* MicrophoneView.swift in Sources */ = {isa = PBXBuildFile; fileRef = 3D6F969C29713D7F00FEFBF8 /* MicrophoneView.swift */; };
		3D6F969F29713E5A00FEFBF8 /* OverlayView.swift in Sources */ = {isa = PBXBuildFile; fileRef = 3D6F969E29713E5A00FEFBF8 /* OverlayView.swift */; };
		3D6F96A129713F1D00FEFBF8 /* PreView.swift in Sources */ = {isa = PBXBuildFile; fileRef = 3D6F96A029713F1D00FEFBF8 /* PreView.swift */; };
		3DD87BDB2971416400493874 /* ViewExtensions.swift in Sources */ = {isa = PBXBuildFile; fileRef = 3DD87BDA2971416400493874 /* ViewExtensions.swift */; };
		3DD87BDD2971429A00493874 /* ContentViewExtensions.swift in Sources */ = {isa = PBXBuildFile; fileRef = 3DD87BDC2971429A00493874 /* ContentViewExtensions.swift */; };
		3DD87BE02971431600493874 /* UIImageExtensions.swift in Sources */ = {isa = PBXBuildFile; fileRef = 3DD87BDF2971431600493874 /* UIImageExtensions.swift */; };
		9036BB882976AB5D0006C850 /* Megaphone.json in Resources */ = {isa = PBXBuildFile; fileRef = 9036BB872976AB5D0006C850 /* Megaphone.json */; };
		9036BB8A2976AB8E0006C850 /* MegaphoneView.swift in Sources */ = {isa = PBXBuildFile; fileRef = 9036BB892976AB8E0006C850 /* MegaphoneView.swift */; };
		9036BB8C2976ADD90006C850 /* GlobalState.swift in Sources */ = {isa = PBXBuildFile; fileRef = 9036BB8B2976ADD90006C850 /* GlobalState.swift */; };
		9036BB8E2976AEBC0006C850 /* RecordingView.swift in Sources */ = {isa = PBXBuildFile; fileRef = 9036BB8D2976AEBC0006C850 /* RecordingView.swift */; };
		9036BB912976B26E0006C850 /* SpeakNowText.swift in Sources */ = {isa = PBXBuildFile; fileRef = 9036BB902976B26E0006C850 /* SpeakNowText.swift */; };
		9036BB932976B2FC0006C850 /* Listening.json in Resources */ = {isa = PBXBuildFile; fileRef = 9036BB922976B2FC0006C850 /* Listening.json */; };
		9036BB952976B34E0006C850 /* ListeningMicrophone.swift in Sources */ = {isa = PBXBuildFile; fileRef = 9036BB942976B34E0006C850 /* ListeningMicrophone.swift */; };
		9036BB972976B4A70006C850 /* LoadingView.swift in Sources */ = {isa = PBXBuildFile; fileRef = 9036BB962976B4A70006C850 /* LoadingView.swift */; };
		9036BB9A2976B5920006C850 /* ResultsView.swift in Sources */ = {isa = PBXBuildFile; fileRef = 9036BB992976B5920006C850 /* ResultsView.swift */; };
		9036BB9C2976B6AE0006C850 /* ExcellentView.swift in Sources */ = {isa = PBXBuildFile; fileRef = 9036BB9B2976B6AE0006C850 /* ExcellentView.swift */; };
		9036BB9F2976B71D0006C850 /* ExcellentText.swift in Sources */ = {isa = PBXBuildFile; fileRef = 9036BB9E2976B71D0006C850 /* ExcellentText.swift */; };
		9036BBA22976B7BE0006C850 /* GoodView.swift in Sources */ = {isa = PBXBuildFile; fileRef = 9036BBA12976B7BE0006C850 /* GoodView.swift */; };
		9036BBA42976B7DF0006C850 /* GoodText.swift in Sources */ = {isa = PBXBuildFile; fileRef = 9036BBA32976B7DF0006C850 /* GoodText.swift */; };
		9036BBA72976B8320006C850 /* NiceTryView.swift in Sources */ = {isa = PBXBuildFile; fileRef = 9036BBA62976B8320006C850 /* NiceTryView.swift */; };
		9036BBA92976B8510006C850 /* NiceTryText.swift in Sources */ = {isa = PBXBuildFile; fileRef = 9036BBA82976B8510006C850 /* NiceTryText.swift */; };
		9036BBAD2976BAEC0006C850 /* ChunksContainerView.swift in Sources */ = {isa = PBXBuildFile; fileRef = 9036BBAC2976BAEC0006C850 /* ChunksContainerView.swift */; };
		9036BBAF2976BB390006C850 /* IndividualChunkView.swift in Sources */ = {isa = PBXBuildFile; fileRef = 9036BBAE2976BB390006C850 /* IndividualChunkView.swift */; };
		9036BBB42976DBB00006C850 /* ExcellentBackground.swift in Sources */ = {isa = PBXBuildFile; fileRef = 9036BBB32976DBB00006C850 /* ExcellentBackground.swift */; };
		9036BBB62976DC550006C850 /* Frog.swift in Sources */ = {isa = PBXBuildFile; fileRef = 9036BBB52976DC550006C850 /* Frog.swift */; };
		9036BBB82976DCF80006C850 /* Elephant.swift in Sources */ = {isa = PBXBuildFile; fileRef = 9036BBB72976DCF80006C850 /* Elephant.swift */; };
		9036BBBA29785B0D0006C850 /* GreenFrog.swift in Sources */ = {isa = PBXBuildFile; fileRef = 9036BBB929785B0D0006C850 /* GreenFrog.swift */; };
/* End PBXBuildFile section */

/* Begin PBXFileReference section */
		3D258CFE2977711B00DF5D68 /* SoundManager.swift */ = {isa = PBXFileReference; lastKnownFileType = sourcecode.swift; path = SoundManager.swift; sourceTree = "<group>"; };
		3D258D012977725C00DF5D68 /* i.mp3 */ = {isa = PBXFileReference; lastKnownFileType = audio.mp3; path = i.mp3; sourceTree = "<group>"; };
		3D258D022977725C00DF5D68 /* ng.mp3 */ = {isa = PBXFileReference; lastKnownFileType = audio.mp3; path = ng.mp3; sourceTree = "<group>"; };
		3D258D032977725C00DF5D68 /* st.mp3 */ = {isa = PBXFileReference; lastKnownFileType = audio.mp3; path = st.mp3; sourceTree = "<group>"; };
		3D258D042977725C00DF5D68 /* ur.mp3 */ = {isa = PBXFileReference; lastKnownFileType = audio.mp3; path = ur.mp3; sourceTree = "<group>"; };
		3D258D052977725C00DF5D68 /* ay.mp3 */ = {isa = PBXFileReference; lastKnownFileType = audio.mp3; path = ay.mp3; sourceTree = "<group>"; };
		3D258D062977725C00DF5D68 /* oy.mp3 */ = {isa = PBXFileReference; lastKnownFileType = audio.mp3; path = oy.mp3; sourceTree = "<group>"; };
		3D258D072977725C00DF5D68 /* e.mp3 */ = {isa = PBXFileReference; lastKnownFileType = audio.mp3; path = e.mp3; sourceTree = "<group>"; };
		3D258D082977725C00DF5D68 /* or.mp3 */ = {isa = PBXFileReference; lastKnownFileType = audio.mp3; path = or.mp3; sourceTree = "<group>"; };
		3D258D092977725C00DF5D68 /* sl.mp3 */ = {isa = PBXFileReference; lastKnownFileType = audio.mp3; path = sl.mp3; sourceTree = "<group>"; };
		3D258D0A2977725C00DF5D68 /* tr.mp3 */ = {isa = PBXFileReference; lastKnownFileType = audio.mp3; path = tr.mp3; sourceTree = "<group>"; };
		3D258D0B2977725C00DF5D68 /* ou.mp3 */ = {isa = PBXFileReference; lastKnownFileType = audio.mp3; path = ou.mp3; sourceTree = "<group>"; };
		3D258D0C2977725C00DF5D68 /* x.mp3 */ = {isa = PBXFileReference; lastKnownFileType = audio.mp3; path = x.mp3; sourceTree = "<group>"; };
		3D258D0D2977725C00DF5D68 /* q.mp3 */ = {isa = PBXFileReference; lastKnownFileType = audio.mp3; path = q.mp3; sourceTree = "<group>"; };
		3D258D0E2977725C00DF5D68 /* k.mp3 */ = {isa = PBXFileReference; lastKnownFileType = audio.mp3; path = k.mp3; sourceTree = "<group>"; };
		3D258D0F2977725D00DF5D68 /* ch.mp3 */ = {isa = PBXFileReference; lastKnownFileType = audio.mp3; path = ch.mp3; sourceTree = "<group>"; };
		3D258D102977725D00DF5D68 /* nt.mp3 */ = {isa = PBXFileReference; lastKnownFileType = audio.mp3; path = nt.mp3; sourceTree = "<group>"; };
		3D258D112977725D00DF5D68 /* u.mp3 */ = {isa = PBXFileReference; lastKnownFileType = audio.mp3; path = u.mp3; sourceTree = "<group>"; };
		3D258D122977725D00DF5D68 /* sn.mp3 */ = {isa = PBXFileReference; lastKnownFileType = audio.mp3; path = sn.mp3; sourceTree = "<group>"; };
		3D258D132977725D00DF5D68 /* wh.mp3 */ = {isa = PBXFileReference; lastKnownFileType = audio.mp3; path = wh.mp3; sourceTree = "<group>"; };
		3D258D142977725D00DF5D68 /* mp.mp3 */ = {isa = PBXFileReference; lastKnownFileType = audio.mp3; path = mp.mp3; sourceTree = "<group>"; };
		3D258D152977725D00DF5D68 /* ow_au.mp3 */ = {isa = PBXFileReference; lastKnownFileType = audio.mp3; path = ow_au.mp3; sourceTree = "<group>"; };
		3D258D162977725D00DF5D68 /* y.mp3 */ = {isa = PBXFileReference; lastKnownFileType = audio.mp3; path = y.mp3; sourceTree = "<group>"; };
		3D258D172977725D00DF5D68 /* excellent.mp3 */ = {isa = PBXFileReference; lastKnownFileType = audio.mp3; path = excellent.mp3; sourceTree = "<group>"; };
		3D258D182977725D00DF5D68 /* good.mp3 */ = {isa = PBXFileReference; lastKnownFileType = audio.mp3; path = good.mp3; sourceTree = "<group>"; };
		3D258D192977725D00DF5D68 /* br.mp3 */ = {isa = PBXFileReference; lastKnownFileType = audio.mp3; path = br.mp3; sourceTree = "<group>"; };
		3D258D1A2977725D00DF5D68 /* ir.mp3 */ = {isa = PBXFileReference; lastKnownFileType = audio.mp3; path = ir.mp3; sourceTree = "<group>"; };
		3D258D1B2977725D00DF5D68 /* er.mp3 */ = {isa = PBXFileReference; lastKnownFileType = audio.mp3; path = er.mp3; sourceTree = "<group>"; };
		3D258D1C2977725D00DF5D68 /* pr.mp3 */ = {isa = PBXFileReference; lastKnownFileType = audio.mp3; path = pr.mp3; sourceTree = "<group>"; };
		3D258D1D2977725D00DF5D68 /* p.mp3 */ = {isa = PBXFileReference; lastKnownFileType = audio.mp3; path = p.mp3; sourceTree = "<group>"; };
		3D258D1E2977725D00DF5D68 /* cl.mp3 */ = {isa = PBXFileReference; lastKnownFileType = audio.mp3; path = cl.mp3; sourceTree = "<group>"; };
		3D258D1F2977725D00DF5D68 /* bl.mp3 */ = {isa = PBXFileReference; lastKnownFileType = audio.mp3; path = bl.mp3; sourceTree = "<group>"; };
		3D258D202977725D00DF5D68 /* s.mp3 */ = {isa = PBXFileReference; lastKnownFileType = audio.mp3; path = s.mp3; sourceTree = "<group>"; };
		3D258D212977725D00DF5D68 /* d.mp3 */ = {isa = PBXFileReference; lastKnownFileType = audio.mp3; path = d.mp3; sourceTree = "<group>"; };
		3D258D222977725D00DF5D68 /* v.mp3 */ = {isa = PBXFileReference; lastKnownFileType = audio.mp3; path = v.mp3; sourceTree = "<group>"; };
		3D258D232977725D00DF5D68 /* w.mp3 */ = {isa = PBXFileReference; lastKnownFileType = audio.mp3; path = w.mp3; sourceTree = "<group>"; };
		3D258D242977725D00DF5D68 /* l.mp3 */ = {isa = PBXFileReference; lastKnownFileType = audio.mp3; path = l.mp3; sourceTree = "<group>"; };
		3D258D252977725D00DF5D68 /* fr.mp3 */ = {isa = PBXFileReference; lastKnownFileType = audio.mp3; path = fr.mp3; sourceTree = "<group>"; };
		3D258D262977725D00DF5D68 /* oi.mp3 */ = {isa = PBXFileReference; lastKnownFileType = audio.mp3; path = oi.mp3; sourceTree = "<group>"; };
		3D258D272977725D00DF5D68 /* ea.mp3 */ = {isa = PBXFileReference; lastKnownFileType = audio.mp3; path = ea.mp3; sourceTree = "<group>"; };
		3D258D282977725D00DF5D68 /* fl.mp3 */ = {isa = PBXFileReference; lastKnownFileType = audio.mp3; path = fl.mp3; sourceTree = "<group>"; };
		3D258D292977725D00DF5D68 /* r.mp3 */ = {isa = PBXFileReference; lastKnownFileType = audio.mp3; path = r.mp3; sourceTree = "<group>"; };
		3D258D2A2977725D00DF5D68 /* b.mp3 */ = {isa = PBXFileReference; lastKnownFileType = audio.mp3; path = b.mp3; sourceTree = "<group>"; };
		3D258D2B2977725E00DF5D68 /* ow_ou.mp3 */ = {isa = PBXFileReference; lastKnownFileType = audio.mp3; path = ow_ou.mp3; sourceTree = "<group>"; };
		3D258D2C2977725E00DF5D68 /* t.mp3 */ = {isa = PBXFileReference; lastKnownFileType = audio.mp3; path = t.mp3; sourceTree = "<group>"; };
		3D258D2D2977725E00DF5D68 /* oo_lax_u.mp3 */ = {isa = PBXFileReference; lastKnownFileType = audio.mp3; path = oo_lax_u.mp3; sourceTree = "<group>"; };
		3D258D2E2977725E00DF5D68 /* g.mp3 */ = {isa = PBXFileReference; lastKnownFileType = audio.mp3; path = g.mp3; sourceTree = "<group>"; };
		3D258D2F2977725E00DF5D68 /* ee.mp3 */ = {isa = PBXFileReference; lastKnownFileType = audio.mp3; path = ee.mp3; sourceTree = "<group>"; };
		3D258D302977725E00DF5D68 /* m_or_n.wav */ = {isa = PBXFileReference; lastKnownFileType = audio.wav; path = m_or_n.wav; sourceTree = "<group>"; };
		3D258D312977725E00DF5D68 /* ai.mp3 */ = {isa = PBXFileReference; lastKnownFileType = audio.mp3; path = ai.mp3; sourceTree = "<group>"; };
		3D258D322977725E00DF5D68 /* z.mp3 */ = {isa = PBXFileReference; lastKnownFileType = audio.mp3; path = z.mp3; sourceTree = "<group>"; };
		3D258D332977725E00DF5D68 /* nk.mp3 */ = {isa = PBXFileReference; lastKnownFileType = audio.mp3; path = nk.mp3; sourceTree = "<group>"; };
		3D258D342977725E00DF5D68 /* sw.mp3 */ = {isa = PBXFileReference; lastKnownFileType = audio.mp3; path = sw.mp3; sourceTree = "<group>"; };
		3D258D352977725E00DF5D68 /* dr.mp3 */ = {isa = PBXFileReference; lastKnownFileType = audio.mp3; path = dr.mp3; sourceTree = "<group>"; };
		3D258D362977725E00DF5D68 /* oo_tense_u.mp3 */ = {isa = PBXFileReference; lastKnownFileType = audio.mp3; path = oo_tense_u.mp3; sourceTree = "<group>"; };
		3D258D372977725E00DF5D68 /* o.mp3 */ = {isa = PBXFileReference; lastKnownFileType = audio.mp3; path = o.mp3; sourceTree = "<group>"; };
		3D258D382977725E00DF5D68 /* ar.mp3 */ = {isa = PBXFileReference; lastKnownFileType = audio.mp3; path = ar.mp3; sourceTree = "<group>"; };
		3D258D392977725E00DF5D68 /* cr.mp3 */ = {isa = PBXFileReference; lastKnownFileType = audio.mp3; path = cr.mp3; sourceTree = "<group>"; };
		3D258D3A2977725E00DF5D68 /* pl.mp3 */ = {isa = PBXFileReference; lastKnownFileType = audio.mp3; path = pl.mp3; sourceTree = "<group>"; };
		3D258D3B2977725E00DF5D68 /* gl.mp3 */ = {isa = PBXFileReference; lastKnownFileType = audio.mp3; path = gl.mp3; sourceTree = "<group>"; };
		3D258D3C2977725E00DF5D68 /* a.mp3 */ = {isa = PBXFileReference; lastKnownFileType = audio.mp3; path = a.mp3; sourceTree = "<group>"; };
		3D258D3D2977725E00DF5D68 /* m.mp3 */ = {isa = PBXFileReference; lastKnownFileType = audio.mp3; path = m.mp3; sourceTree = "<group>"; };
		3D258D3F2977725E00DF5D68 /* c.mp3 */ = {isa = PBXFileReference; lastKnownFileType = audio.mp3; path = c.mp3; sourceTree = "<group>"; };
		3D258D402977725E00DF5D68 /* f.mp3 */ = {isa = PBXFileReference; lastKnownFileType = audio.mp3; path = f.mp3; sourceTree = "<group>"; };
		3D258D412977725E00DF5D68 /* j.mp3 */ = {isa = PBXFileReference; lastKnownFileType = audio.mp3; path = j.mp3; sourceTree = "<group>"; };
		3D258D422977725E00DF5D68 /* th.mp3 */ = {isa = PBXFileReference; lastKnownFileType = audio.mp3; path = th.mp3; sourceTree = "<group>"; };
		3D258D432977725E00DF5D68 /* sh.mp3 */ = {isa = PBXFileReference; lastKnownFileType = audio.mp3; path = sh.mp3; sourceTree = "<group>"; };
		3D258D442977725E00DF5D68 /* h.mp3 */ = {isa = PBXFileReference; lastKnownFileType = audio.mp3; path = h.mp3; sourceTree = "<group>"; };
		3D258D452977725E00DF5D68 /* oa.mp3 */ = {isa = PBXFileReference; lastKnownFileType = audio.mp3; path = oa.mp3; sourceTree = "<group>"; };
		3D258D462977725E00DF5D68 /* sm.mp3 */ = {isa = PBXFileReference; lastKnownFileType = audio.mp3; path = sm.mp3; sourceTree = "<group>"; };
		3D258D472977725F00DF5D68 /* n.mp3 */ = {isa = PBXFileReference; lastKnownFileType = audio.mp3; path = n.mp3; sourceTree = "<group>"; };
		3D258D482977725F00DF5D68 /* click.wav */ = {isa = PBXFileReference; lastKnownFileType = audio.wav; path = click.wav; sourceTree = "<group>"; };
		3D258D912977767B00DF5D68 /* Camera.json */ = {isa = PBXFileReference; fileEncoding = 4; lastKnownFileType = text.json; path = Camera.json; sourceTree = "<group>"; };
		3D258D932977768D00DF5D68 /* CameraView.swift */ = {isa = PBXFileReference; lastKnownFileType = sourcecode.swift; path = CameraView.swift; sourceTree = "<group>"; };
		3D258D97297778BB00DF5D68 /* LeftArrow.swift */ = {isa = PBXFileReference; lastKnownFileType = sourcecode.swift; path = LeftArrow.swift; sourceTree = "<group>"; };
		3D258D9929777AD100DF5D68 /* TTSManager.swift */ = {isa = PBXFileReference; lastKnownFileType = sourcecode.swift; path = TTSManager.swift; sourceTree = "<group>"; };
		3D258D9B2977ABF300DF5D68 /* RecordingManager.swift */ = {isa = PBXFileReference; lastKnownFileType = sourcecode.swift; path = RecordingManager.swift; sourceTree = "<group>"; };
		3D258D9D2978B55300DF5D68 /* ResultsManager.swift */ = {isa = PBXFileReference; lastKnownFileType = sourcecode.swift; path = ResultsManager.swift; sourceTree = "<group>"; };
		3D258D9F2978C84B00DF5D68 /* GoodBackground.swift */ = {isa = PBXFileReference; lastKnownFileType = sourcecode.swift; path = GoodBackground.swift; sourceTree = "<group>"; };
		3D258DA12978C8CD00DF5D68 /* SeaElephant.swift */ = {isa = PBXFileReference; lastKnownFileType = sourcecode.swift; path = SeaElephant.swift; sourceTree = "<group>"; };
		3D258DA32978C94E00DF5D68 /* FoxTrot.swift */ = {isa = PBXFileReference; lastKnownFileType = sourcecode.swift; path = FoxTrot.swift; sourceTree = "<group>"; };
		3D258DA52978CBBC00DF5D68 /* NiceTryBackground.swift */ = {isa = PBXFileReference; lastKnownFileType = sourcecode.swift; path = NiceTryBackground.swift; sourceTree = "<group>"; };
		3D258DA72978CC0F00DF5D68 /* Crocodile.swift */ = {isa = PBXFileReference; lastKnownFileType = sourcecode.swift; path = Crocodile.swift; sourceTree = "<group>"; };
		3D258DA92978CC9B00DF5D68 /* BoxElephant.swift */ = {isa = PBXFileReference; lastKnownFileType = sourcecode.swift; path = BoxElephant.swift; sourceTree = "<group>"; };
		3D258DAB29790DEE00DF5D68 /* EFuture.otf */ = {isa = PBXFileReference; lastKnownFileType = file; path = EFuture.otf; sourceTree = "<group>"; };
		3D258DAD2979128000DF5D68 /* RetryButton.swift */ = {isa = PBXFileReference; lastKnownFileType = sourcecode.swift; path = RetryButton.swift; sourceTree = "<group>"; };
		3D6F9649296B796200FEFBF8 /* PhonicsBuilder.app */ = {isa = PBXFileReference; explicitFileType = wrapper.application; includeInIndex = 0; path = PhonicsBuilder.app; sourceTree = BUILT_PRODUCTS_DIR; };
		3D6F964C296B796200FEFBF8 /* PhonicsBuilderApp.swift */ = {isa = PBXFileReference; lastKnownFileType = sourcecode.swift; path = PhonicsBuilderApp.swift; sourceTree = "<group>"; };
		3D6F964E296B796200FEFBF8 /* ContentView.swift */ = {isa = PBXFileReference; lastKnownFileType = sourcecode.swift; path = ContentView.swift; sourceTree = "<group>"; };
		3D6F9650296B796300FEFBF8 /* Assets.xcassets */ = {isa = PBXFileReference; lastKnownFileType = folder.assetcatalog; path = Assets.xcassets; sourceTree = "<group>"; };
		3D6F9653296B796300FEFBF8 /* Preview Assets.xcassets */ = {isa = PBXFileReference; lastKnownFileType = folder.assetcatalog; path = "Preview Assets.xcassets"; sourceTree = "<group>"; };
		3D6F9671296B9EEA00FEFBF8 /* RootView.swift */ = {isa = PBXFileReference; lastKnownFileType = sourcecode.swift; path = RootView.swift; sourceTree = "<group>"; };
		3D6F967A296BD2DB00FEFBF8 /* Camera.swift */ = {isa = PBXFileReference; lastKnownFileType = sourcecode.swift; path = Camera.swift; sourceTree = "<group>"; };
		3D6F967D296FA57B00FEFBF8 /* BoundaryView.swift */ = {isa = PBXFileReference; lastKnownFileType = sourcecode.swift; path = BoundaryView.swift; sourceTree = "<group>"; };
		3D6F967F296FA98700FEFBF8 /* DimmedView.swift */ = {isa = PBXFileReference; lastKnownFileType = sourcecode.swift; path = DimmedView.swift; sourceTree = "<group>"; };
		3D6F9681296FAB1100FEFBF8 /* EdgeBorder.swift */ = {isa = PBXFileReference; lastKnownFileType = sourcecode.swift; path = EdgeBorder.swift; sourceTree = "<group>"; };
		3D6F9683296FAC2A00FEFBF8 /* BoundaryCornerView.swift */ = {isa = PBXFileReference; lastKnownFileType = sourcecode.swift; path = BoundaryCornerView.swift; sourceTree = "<group>"; };
		3D6F9686296FAD6F00FEFBF8 /* BackdropView.swift */ = {isa = PBXFileReference; lastKnownFileType = sourcecode.swift; path = BackdropView.swift; sourceTree = "<group>"; };
		3D6F968A296FD92000FEFBF8 /* Info.plist */ = {isa = PBXFileReference; lastKnownFileType = text.plist; path = Info.plist; sourceTree = "<group>"; };
		3D6F968B296FDA4F00FEFBF8 /* ChunksView.swift */ = {isa = PBXFileReference; lastKnownFileType = sourcecode.swift; path = ChunksView.swift; sourceTree = "<group>"; };
		3D6F968D296FE2A500FEFBF8 /* ChunkView.swift */ = {isa = PBXFileReference; lastKnownFileType = sourcecode.swift; path = ChunkView.swift; sourceTree = "<group>"; };
		3D6F96952970E7F600FEFBF8 /* LottieView.swift */ = {isa = PBXFileReference; lastKnownFileType = sourcecode.swift; path = LottieView.swift; sourceTree = "<group>"; };
		3D6F96972970E87800FEFBF8 /* Microphone.json */ = {isa = PBXFileReference; fileEncoding = 4; lastKnownFileType = text.json; path = Microphone.json; sourceTree = "<group>"; };
		3D6F96992970EA9900FEFBF8 /* IconsView.swift */ = {isa = PBXFileReference; lastKnownFileType = sourcecode.swift; path = IconsView.swift; sourceTree = "<group>"; };
		3D6F969C29713D7F00FEFBF8 /* MicrophoneView.swift */ = {isa = PBXFileReference; lastKnownFileType = sourcecode.swift; path = MicrophoneView.swift; sourceTree = "<group>"; };
		3D6F969E29713E5A00FEFBF8 /* OverlayView.swift */ = {isa = PBXFileReference; lastKnownFileType = sourcecode.swift; path = OverlayView.swift; sourceTree = "<group>"; };
		3D6F96A029713F1D00FEFBF8 /* PreView.swift */ = {isa = PBXFileReference; lastKnownFileType = sourcecode.swift; path = PreView.swift; sourceTree = "<group>"; };
		3DD87BDA2971416400493874 /* ViewExtensions.swift */ = {isa = PBXFileReference; lastKnownFileType = sourcecode.swift; path = ViewExtensions.swift; sourceTree = "<group>"; };
		3DD87BDC2971429A00493874 /* ContentViewExtensions.swift */ = {isa = PBXFileReference; lastKnownFileType = sourcecode.swift; path = ContentViewExtensions.swift; sourceTree = "<group>"; };
		3DD87BDF2971431600493874 /* UIImageExtensions.swift */ = {isa = PBXFileReference; lastKnownFileType = sourcecode.swift; path = UIImageExtensions.swift; sourceTree = "<group>"; };
		9036BB872976AB5D0006C850 /* Megaphone.json */ = {isa = PBXFileReference; fileEncoding = 4; lastKnownFileType = text.json; path = Megaphone.json; sourceTree = "<group>"; };
		9036BB892976AB8E0006C850 /* MegaphoneView.swift */ = {isa = PBXFileReference; lastKnownFileType = sourcecode.swift; path = MegaphoneView.swift; sourceTree = "<group>"; };
		9036BB8B2976ADD90006C850 /* GlobalState.swift */ = {isa = PBXFileReference; lastKnownFileType = sourcecode.swift; path = GlobalState.swift; sourceTree = "<group>"; };
		9036BB8D2976AEBC0006C850 /* RecordingView.swift */ = {isa = PBXFileReference; lastKnownFileType = sourcecode.swift; path = RecordingView.swift; sourceTree = "<group>"; };
		9036BB902976B26E0006C850 /* SpeakNowText.swift */ = {isa = PBXFileReference; lastKnownFileType = sourcecode.swift; path = SpeakNowText.swift; sourceTree = "<group>"; };
		9036BB922976B2FC0006C850 /* Listening.json */ = {isa = PBXFileReference; fileEncoding = 4; lastKnownFileType = text.json; path = Listening.json; sourceTree = "<group>"; };
		9036BB942976B34E0006C850 /* ListeningMicrophone.swift */ = {isa = PBXFileReference; lastKnownFileType = sourcecode.swift; path = ListeningMicrophone.swift; sourceTree = "<group>"; };
		9036BB962976B4A70006C850 /* LoadingView.swift */ = {isa = PBXFileReference; lastKnownFileType = sourcecode.swift; path = LoadingView.swift; sourceTree = "<group>"; };
		9036BB992976B5920006C850 /* ResultsView.swift */ = {isa = PBXFileReference; lastKnownFileType = sourcecode.swift; path = ResultsView.swift; sourceTree = "<group>"; };
		9036BB9B2976B6AE0006C850 /* ExcellentView.swift */ = {isa = PBXFileReference; lastKnownFileType = sourcecode.swift; path = ExcellentView.swift; sourceTree = "<group>"; };
		9036BB9E2976B71D0006C850 /* ExcellentText.swift */ = {isa = PBXFileReference; lastKnownFileType = sourcecode.swift; path = ExcellentText.swift; sourceTree = "<group>"; };
		9036BBA12976B7BE0006C850 /* GoodView.swift */ = {isa = PBXFileReference; lastKnownFileType = sourcecode.swift; path = GoodView.swift; sourceTree = "<group>"; };
		9036BBA32976B7DF0006C850 /* GoodText.swift */ = {isa = PBXFileReference; lastKnownFileType = sourcecode.swift; path = GoodText.swift; sourceTree = "<group>"; };
		9036BBA62976B8320006C850 /* NiceTryView.swift */ = {isa = PBXFileReference; lastKnownFileType = sourcecode.swift; path = NiceTryView.swift; sourceTree = "<group>"; };
		9036BBA82976B8510006C850 /* NiceTryText.swift */ = {isa = PBXFileReference; lastKnownFileType = sourcecode.swift; path = NiceTryText.swift; sourceTree = "<group>"; };
		9036BBAC2976BAEC0006C850 /* ChunksContainerView.swift */ = {isa = PBXFileReference; lastKnownFileType = sourcecode.swift; path = ChunksContainerView.swift; sourceTree = "<group>"; };
		9036BBAE2976BB390006C850 /* IndividualChunkView.swift */ = {isa = PBXFileReference; lastKnownFileType = sourcecode.swift; path = IndividualChunkView.swift; sourceTree = "<group>"; };
		9036BBB32976DBB00006C850 /* ExcellentBackground.swift */ = {isa = PBXFileReference; lastKnownFileType = sourcecode.swift; path = ExcellentBackground.swift; sourceTree = "<group>"; };
		9036BBB52976DC550006C850 /* Frog.swift */ = {isa = PBXFileReference; lastKnownFileType = sourcecode.swift; path = Frog.swift; sourceTree = "<group>"; };
		9036BBB72976DCF80006C850 /* Elephant.swift */ = {isa = PBXFileReference; lastKnownFileType = sourcecode.swift; path = Elephant.swift; sourceTree = "<group>"; };
		9036BBB929785B0D0006C850 /* GreenFrog.swift */ = {isa = PBXFileReference; lastKnownFileType = sourcecode.swift; path = GreenFrog.swift; sourceTree = "<group>"; };
/* End PBXFileReference section */

/* Begin PBXFrameworksBuildPhase section */
		3D6F9646296B796100FEFBF8 /* Frameworks */ = {
			isa = PBXFrameworksBuildPhase;
			buildActionMask = 2147483647;
			files = (
				3D6F96942970E6E200FEFBF8 /* Lottie in Frameworks */,
			);
			runOnlyForDeploymentPostprocessing = 0;
		};
/* End PBXFrameworksBuildPhase section */

/* Begin PBXGroup section */
		3D258D002977725000DF5D68 /* Sounds */ = {
			isa = PBXGroup;
			children = (
				3D258DB0297A29EE00DF5D68 /* Effects */,
				3D258DAF297A29E500DF5D68 /* Chunks */,
			);
			name = Sounds;
			sourceTree = "<group>";
		};
		3D258DAF297A29E500DF5D68 /* Chunks */ = {
			isa = PBXGroup;
			children = (
				3D258D3C2977725E00DF5D68 /* a.mp3 */,
				3D258D312977725E00DF5D68 /* ai.mp3 */,
				3D258D382977725E00DF5D68 /* ar.mp3 */,
				3D258D052977725C00DF5D68 /* ay.mp3 */,
				3D258D2A2977725D00DF5D68 /* b.mp3 */,
				3D258D1F2977725D00DF5D68 /* bl.mp3 */,
				3D258D192977725D00DF5D68 /* br.mp3 */,
				3D258D3F2977725E00DF5D68 /* c.mp3 */,
				3D258D0F2977725D00DF5D68 /* ch.mp3 */,
				3D258D1E2977725D00DF5D68 /* cl.mp3 */,
				3D258D392977725E00DF5D68 /* cr.mp3 */,
				3D258D212977725D00DF5D68 /* d.mp3 */,
				3D258D352977725E00DF5D68 /* dr.mp3 */,
				3D258D072977725C00DF5D68 /* e.mp3 */,
				3D258D272977725D00DF5D68 /* ea.mp3 */,
				3D258D2F2977725E00DF5D68 /* ee.mp3 */,
				3D258D1B2977725D00DF5D68 /* er.mp3 */,
				3D258D402977725E00DF5D68 /* f.mp3 */,
				3D258D282977725D00DF5D68 /* fl.mp3 */,
				3D258D252977725D00DF5D68 /* fr.mp3 */,
				3D258D2E2977725E00DF5D68 /* g.mp3 */,
				3D258D3B2977725E00DF5D68 /* gl.mp3 */,
				3D258D442977725E00DF5D68 /* h.mp3 */,
				3D258D012977725C00DF5D68 /* i.mp3 */,
				3D258D1A2977725D00DF5D68 /* ir.mp3 */,
				3D258D412977725E00DF5D68 /* j.mp3 */,
				3D258D0E2977725C00DF5D68 /* k.mp3 */,
				3D258D242977725D00DF5D68 /* l.mp3 */,
				3D258D302977725E00DF5D68 /* m_or_n.wav */,
				3D258D3D2977725E00DF5D68 /* m.mp3 */,
				3D258D142977725D00DF5D68 /* mp.mp3 */,
				3D258D472977725F00DF5D68 /* n.mp3 */,
				3D258D022977725C00DF5D68 /* ng.mp3 */,
				3D258D332977725E00DF5D68 /* nk.mp3 */,
				3D258D102977725D00DF5D68 /* nt.mp3 */,
				3D258D372977725E00DF5D68 /* o.mp3 */,
				3D258D452977725E00DF5D68 /* oa.mp3 */,
				3D258D262977725D00DF5D68 /* oi.mp3 */,
				3D258D2D2977725E00DF5D68 /* oo_lax_u.mp3 */,
				3D258D362977725E00DF5D68 /* oo_tense_u.mp3 */,
				3D258D082977725C00DF5D68 /* or.mp3 */,
				3D258D0B2977725C00DF5D68 /* ou.mp3 */,
				3D258D152977725D00DF5D68 /* ow_au.mp3 */,
				3D258D2B2977725E00DF5D68 /* ow_ou.mp3 */,
				3D258D062977725C00DF5D68 /* oy.mp3 */,
				3D258D1D2977725D00DF5D68 /* p.mp3 */,
				3D258D3A2977725E00DF5D68 /* pl.mp3 */,
				3D258D1C2977725D00DF5D68 /* pr.mp3 */,
				3D258D0D2977725C00DF5D68 /* q.mp3 */,
				3D258D292977725D00DF5D68 /* r.mp3 */,
				3D258D202977725D00DF5D68 /* s.mp3 */,
				3D258D432977725E00DF5D68 /* sh.mp3 */,
				3D258D092977725C00DF5D68 /* sl.mp3 */,
				3D258D462977725E00DF5D68 /* sm.mp3 */,
				3D258D122977725D00DF5D68 /* sn.mp3 */,
				3D258D032977725C00DF5D68 /* st.mp3 */,
				3D258D342977725E00DF5D68 /* sw.mp3 */,
				3D258D2C2977725E00DF5D68 /* t.mp3 */,
				3D258D422977725E00DF5D68 /* th.mp3 */,
				3D258D0A2977725C00DF5D68 /* tr.mp3 */,
				3D258D112977725D00DF5D68 /* u.mp3 */,
				3D258D042977725C00DF5D68 /* ur.mp3 */,
				3D258D222977725D00DF5D68 /* v.mp3 */,
				3D258D232977725D00DF5D68 /* w.mp3 */,
				3D258D132977725D00DF5D68 /* wh.mp3 */,
				3D258D0C2977725C00DF5D68 /* x.mp3 */,
				3D258D162977725D00DF5D68 /* y.mp3 */,
				3D258D322977725E00DF5D68 /* z.mp3 */,
			);
			name = Chunks;
			sourceTree = "<group>";
		};
		3D258DB0297A29EE00DF5D68 /* Effects */ = {
			isa = PBXGroup;
			children = (
				3D258D482977725F00DF5D68 /* click.wav */,
				3D258D172977725D00DF5D68 /* excellent.mp3 */,
				3D258D182977725D00DF5D68 /* good.mp3 */,
			);
			name = Effects;
			sourceTree = "<group>";
		};
		3D6F9640296B796100FEFBF8 = {
			isa = PBXGroup;
			children = (
				3D6F964B296B796200FEFBF8 /* PhonicsBuilder */,
				3D6F964A296B796200FEFBF8 /* Products */,
			);
			sourceTree = "<group>";
		};
		3D6F964A296B796200FEFBF8 /* Products */ = {
			isa = PBXGroup;
			children = (
				3D6F9649296B796200FEFBF8 /* PhonicsBuilder.app */,
			);
			name = Products;
			sourceTree = "<group>";
		};
		3D6F964B296B796200FEFBF8 /* PhonicsBuilder */ = {
			isa = PBXGroup;
			children = (
				3D258D002977725000DF5D68 /* Sounds */,
				3DD87BE3297143CF00493874 /* Animations */,
				3DD87BE22971439D00493874 /* App */,
				3DD87BE12971437C00493874 /* Fonts */,
				3D6F967C296F817500FEFBF8 /* Utils */,
				3DD87BDE297142C100493874 /* Extensions */,
				3D6F965A296B79C800FEFBF8 /* Views */,
				3D6F9652296B796300FEFBF8 /* Preview Content */,
			);
			path = PhonicsBuilder;
			sourceTree = "<group>";
		};
		3D6F9652296B796300FEFBF8 /* Preview Content */ = {
			isa = PBXGroup;
			children = (
				3D6F9653296B796300FEFBF8 /* Preview Assets.xcassets */,
			);
			path = "Preview Content";
			sourceTree = "<group>";
		};
		3D6F965A296B79C800FEFBF8 /* Views */ = {
			isa = PBXGroup;
			children = (
				9036BB982976B57E0006C850 /* Results */,
				9036BB8F2976B2580006C850 /* Recording */,
				3DD87BE4297143FF00493874 /* Main */,
				3D6F969B29713D6800FEFBF8 /* IconsView */,
				3D6F968F296FE2FB00FEFBF8 /* Chunks */,
				3D6F9685296FAD1600FEFBF8 /* Boundary */,
			);
			name = Views;
			sourceTree = "<group>";
		};
		3D6F967C296F817500FEFBF8 /* Utils */ = {
			isa = PBXGroup;
			children = (
				3D6F967A296BD2DB00FEFBF8 /* Camera.swift */,
				3D6F9681296FAB1100FEFBF8 /* EdgeBorder.swift */,
				3D6F96952970E7F600FEFBF8 /* LottieView.swift */,
				9036BB8B2976ADD90006C850 /* GlobalState.swift */,
				3D258CFE2977711B00DF5D68 /* SoundManager.swift */,
				3D258D9929777AD100DF5D68 /* TTSManager.swift */,
				3D258D9B2977ABF300DF5D68 /* RecordingManager.swift */,
				3D258D9D2978B55300DF5D68 /* ResultsManager.swift */,
			);
			name = Utils;
			sourceTree = "<group>";
		};
		3D6F9685296FAD1600FEFBF8 /* Boundary */ = {
			isa = PBXGroup;
			children = (
				3D6F967F296FA98700FEFBF8 /* DimmedView.swift */,
				3D6F9683296FAC2A00FEFBF8 /* BoundaryCornerView.swift */,
				3D6F967D296FA57B00FEFBF8 /* BoundaryView.swift */,
				3D6F9686296FAD6F00FEFBF8 /* BackdropView.swift */,
				3D6F969E29713E5A00FEFBF8 /* OverlayView.swift */,
			);
			name = Boundary;
			sourceTree = "<group>";
		};
		3D6F968F296FE2FB00FEFBF8 /* Chunks */ = {
			isa = PBXGroup;
			children = (
				3D6F968B296FDA4F00FEFBF8 /* ChunksView.swift */,
				3D6F968D296FE2A500FEFBF8 /* ChunkView.swift */,
			);
			name = Chunks;
			sourceTree = "<group>";
		};
		3D6F969B29713D6800FEFBF8 /* IconsView */ = {
			isa = PBXGroup;
			children = (
				3D6F96992970EA9900FEFBF8 /* IconsView.swift */,
				3D6F969C29713D7F00FEFBF8 /* MicrophoneView.swift */,
				9036BB892976AB8E0006C850 /* MegaphoneView.swift */,
				3D258D932977768D00DF5D68 /* CameraView.swift */,
			);
			name = IconsView;
			sourceTree = "<group>";
		};
		3DD87BDE297142C100493874 /* Extensions */ = {
			isa = PBXGroup;
			children = (
				3DD87BDC2971429A00493874 /* ContentViewExtensions.swift */,
				3DD87BDA2971416400493874 /* ViewExtensions.swift */,
				3DD87BDF2971431600493874 /* UIImageExtensions.swift */,
			);
			name = Extensions;
			sourceTree = "<group>";
		};
		3DD87BE12971437C00493874 /* Fonts */ = {
			isa = PBXGroup;
			children = (
				3D258DAB29790DEE00DF5D68 /* EFuture.otf */,
			);
			name = Fonts;
			sourceTree = "<group>";
		};
		3DD87BE22971439D00493874 /* App */ = {
			isa = PBXGroup;
			children = (
				3D6F9650296B796300FEFBF8 /* Assets.xcassets */,
				3D6F964C296B796200FEFBF8 /* PhonicsBuilderApp.swift */,
				3D6F968A296FD92000FEFBF8 /* Info.plist */,
			);
			name = App;
			sourceTree = "<group>";
		};
		3DD87BE3297143CF00493874 /* Animations */ = {
			isa = PBXGroup;
			children = (
				3D6F96972970E87800FEFBF8 /* Microphone.json */,
				9036BB872976AB5D0006C850 /* Megaphone.json */,
				9036BB922976B2FC0006C850 /* Listening.json */,
				3D258D912977767B00DF5D68 /* Camera.json */,
			);
			name = Animations;
			sourceTree = "<group>";
		};
		3DD87BE4297143FF00493874 /* Main */ = {
			isa = PBXGroup;
			children = (
				3D6F964E296B796200FEFBF8 /* ContentView.swift */,
				3D6F9671296B9EEA00FEFBF8 /* RootView.swift */,
				3D6F96A029713F1D00FEFBF8 /* PreView.swift */,
			);
			name = Main;
			sourceTree = "<group>";
		};
		9036BB8F2976B2580006C850 /* Recording */ = {
			isa = PBXGroup;
			children = (
				9036BB8D2976AEBC0006C850 /* RecordingView.swift */,
				9036BB902976B26E0006C850 /* SpeakNowText.swift */,
				9036BB942976B34E0006C850 /* ListeningMicrophone.swift */,
				9036BB962976B4A70006C850 /* LoadingView.swift */,
			);
			name = Recording;
			sourceTree = "<group>";
		};
		9036BB982976B57E0006C850 /* Results */ = {
			isa = PBXGroup;
			children = (
				9036BBB22976DA820006C850 /* Chunk */,
				9036BBA52976B8260006C850 /* NiceTry */,
				9036BBA02976B7B10006C850 /* Good */,
				9036BB9D2976B7090006C850 /* Excellent */,
				9036BB992976B5920006C850 /* ResultsView.swift */,
				3D258D97297778BB00DF5D68 /* LeftArrow.swift */,
				3D258DAD2979128000DF5D68 /* RetryButton.swift */,
			);
			name = Results;
			sourceTree = "<group>";
		};
		9036BB9D2976B7090006C850 /* Excellent */ = {
			isa = PBXGroup;
			children = (
				9036BB9B2976B6AE0006C850 /* ExcellentView.swift */,
				9036BB9E2976B71D0006C850 /* ExcellentText.swift */,
				9036BBB32976DBB00006C850 /* ExcellentBackground.swift */,
				9036BBB52976DC550006C850 /* Frog.swift */,
				9036BBB72976DCF80006C850 /* Elephant.swift */,
				9036BBB929785B0D0006C850 /* GreenFrog.swift */,
			);
			name = Excellent;
			sourceTree = "<group>";
		};
		9036BBA02976B7B10006C850 /* Good */ = {
			isa = PBXGroup;
			children = (
				9036BBA12976B7BE0006C850 /* GoodView.swift */,
				9036BBA32976B7DF0006C850 /* GoodText.swift */,
				3D258D9F2978C84B00DF5D68 /* GoodBackground.swift */,
				3D258DA12978C8CD00DF5D68 /* SeaElephant.swift */,
				3D258DA32978C94E00DF5D68 /* FoxTrot.swift */,
			);
			name = Good;
			sourceTree = "<group>";
		};
		9036BBA52976B8260006C850 /* NiceTry */ = {
			isa = PBXGroup;
			children = (
				9036BBA62976B8320006C850 /* NiceTryView.swift */,
				9036BBA82976B8510006C850 /* NiceTryText.swift */,
				3D258DA52978CBBC00DF5D68 /* NiceTryBackground.swift */,
				3D258DA72978CC0F00DF5D68 /* Crocodile.swift */,
				3D258DA92978CC9B00DF5D68 /* BoxElephant.swift */,
			);
			name = NiceTry;
			sourceTree = "<group>";
		};
		9036BBB22976DA820006C850 /* Chunk */ = {
			isa = PBXGroup;
			children = (
				9036BBAC2976BAEC0006C850 /* ChunksContainerView.swift */,
				9036BBAE2976BB390006C850 /* IndividualChunkView.swift */,
			);
			name = Chunk;
			sourceTree = "<group>";
		};
/* End PBXGroup section */

/* Begin PBXNativeTarget section */
		3D6F9648296B796100FEFBF8 /* PhonicsBuilder */ = {
			isa = PBXNativeTarget;
			buildConfigurationList = 3D6F9657296B796300FEFBF8 /* Build configuration list for PBXNativeTarget "PhonicsBuilder" */;
			buildPhases = (
				3D6F9645296B796100FEFBF8 /* Sources */,
				3D6F9646296B796100FEFBF8 /* Frameworks */,
				3D6F9647296B796100FEFBF8 /* Resources */,
			);
			buildRules = (
			);
			dependencies = (
			);
			name = PhonicsBuilder;
			packageProductDependencies = (
				3D6F96932970E6E200FEFBF8 /* Lottie */,
			);
			productName = PhonicsBuilder;
			productReference = 3D6F9649296B796200FEFBF8 /* PhonicsBuilder.app */;
			productType = "com.apple.product-type.application";
		};
/* End PBXNativeTarget section */

/* Begin PBXProject section */
		3D6F9641296B796100FEFBF8 /* Project object */ = {
			isa = PBXProject;
			attributes = {
				BuildIndependentTargetsInParallel = 1;
				LastSwiftUpdateCheck = 1410;
				LastUpgradeCheck = 1410;
				TargetAttributes = {
					3D6F9648296B796100FEFBF8 = {
						CreatedOnToolsVersion = 14.1;
					};
				};
			};
			buildConfigurationList = 3D6F9644296B796100FEFBF8 /* Build configuration list for PBXProject "PhonicsBuilder" */;
			compatibilityVersion = "Xcode 14.0";
			developmentRegion = en;
			hasScannedForEncodings = 0;
			knownRegions = (
				en,
				Base,
			);
			mainGroup = 3D6F9640296B796100FEFBF8;
			packageReferences = (
				3D6F96922970E6E200FEFBF8 /* XCRemoteSwiftPackageReference "lottie-ios" */,
			);
			productRefGroup = 3D6F964A296B796200FEFBF8 /* Products */;
			projectDirPath = "";
			projectRoot = "";
			targets = (
				3D6F9648296B796100FEFBF8 /* PhonicsBuilder */,
			);
		};
/* End PBXProject section */

/* Begin PBXResourcesBuildPhase section */
		3D6F9647296B796100FEFBF8 /* Resources */ = {
			isa = PBXResourcesBuildPhase;
			buildActionMask = 2147483647;
			files = (
				3D258D842977725F00DF5D68 /* a.mp3 in Resources */,
				3D258D832977725F00DF5D68 /* gl.mp3 in Resources */,
				3D258D782977725F00DF5D68 /* m_or_n.wav in Resources */,
				3D258D692977725F00DF5D68 /* d.mp3 in Resources */,
				3D258D7F2977725F00DF5D68 /* o.mp3 in Resources */,
				3D258D772977725F00DF5D68 /* ee.mp3 in Resources */,
				3D258D6A2977725F00DF5D68 /* v.mp3 in Resources */,
				3D258D8C2977725F00DF5D68 /* h.mp3 in Resources */,
				3D258D7B2977725F00DF5D68 /* nk.mp3 in Resources */,
				3D258D4E2977725F00DF5D68 /* oy.mp3 in Resources */,
				3D258D7D2977725F00DF5D68 /* dr.mp3 in Resources */,
				3D258D852977725F00DF5D68 /* m.mp3 in Resources */,
				3D6F9654296B796300FEFBF8 /* Preview Assets.xcassets in Resources */,
				3D258D4A2977725F00DF5D68 /* ng.mp3 in Resources */,
				3D258D6D2977725F00DF5D68 /* fr.mp3 in Resources */,
				3D258D542977725F00DF5D68 /* x.mp3 in Resources */,
				3D258D4B2977725F00DF5D68 /* st.mp3 in Resources */,
				3D258D582977725F00DF5D68 /* nt.mp3 in Resources */,
				3D258D5D2977725F00DF5D68 /* ow_au.mp3 in Resources */,
				3D258D5E2977725F00DF5D68 /* y.mp3 in Resources */,
				3D258D512977725F00DF5D68 /* sl.mp3 in Resources */,
				3D258D732977725F00DF5D68 /* ow_ou.mp3 in Resources */,
				3D258D4D2977725F00DF5D68 /* ay.mp3 in Resources */,
				3D258D602977725F00DF5D68 /* good.mp3 in Resources */,
				3D258DAC29790DEE00DF5D68 /* EFuture.otf in Resources */,
				3D258D642977725F00DF5D68 /* pr.mp3 in Resources */,
				3D258D6E2977725F00DF5D68 /* oi.mp3 in Resources */,
				3D258D612977725F00DF5D68 /* br.mp3 in Resources */,
				3D258D492977725F00DF5D68 /* i.mp3 in Resources */,
				3D258D4C2977725F00DF5D68 /* ur.mp3 in Resources */,
				3D258D712977725F00DF5D68 /* r.mp3 in Resources */,
				3D258D722977725F00DF5D68 /* b.mp3 in Resources */,
				3D258D6F2977725F00DF5D68 /* ea.mp3 in Resources */,
				3D258D4F2977725F00DF5D68 /* e.mp3 in Resources */,
				3D258D702977725F00DF5D68 /* fl.mp3 in Resources */,
				3D258D752977725F00DF5D68 /* oo_lax_u.mp3 in Resources */,
				3D258D822977725F00DF5D68 /* pl.mp3 in Resources */,
				3D258D572977725F00DF5D68 /* ch.mp3 in Resources */,
				3D258D892977725F00DF5D68 /* j.mp3 in Resources */,
				3D258D792977725F00DF5D68 /* ai.mp3 in Resources */,
				3D258D672977725F00DF5D68 /* bl.mp3 in Resources */,
				3D258D5F2977725F00DF5D68 /* excellent.mp3 in Resources */,
				3D258D8B2977725F00DF5D68 /* sh.mp3 in Resources */,
				3D258D662977725F00DF5D68 /* cl.mp3 in Resources */,
				3D258D902977725F00DF5D68 /* click.wav in Resources */,
				3D258D8D2977725F00DF5D68 /* oa.mp3 in Resources */,
				3D258D5C2977725F00DF5D68 /* mp.mp3 in Resources */,
				3D258D592977725F00DF5D68 /* u.mp3 in Resources */,
				3D258D522977725F00DF5D68 /* tr.mp3 in Resources */,
				3D258D632977725F00DF5D68 /* er.mp3 in Resources */,
				3D258D7E2977725F00DF5D68 /* oo_tense_u.mp3 in Resources */,
				3D258D652977725F00DF5D68 /* p.mp3 in Resources */,
				3D258D872977725F00DF5D68 /* c.mp3 in Resources */,
				3D258D742977725F00DF5D68 /* t.mp3 in Resources */,
				3D258D5B2977725F00DF5D68 /* wh.mp3 in Resources */,
				3D258D7C2977725F00DF5D68 /* sw.mp3 in Resources */,
				9036BB882976AB5D0006C850 /* Megaphone.json in Resources */,
				9036BB932976B2FC0006C850 /* Listening.json in Resources */,
				3D258D552977725F00DF5D68 /* q.mp3 in Resources */,
				3D258D682977725F00DF5D68 /* s.mp3 in Resources */,
				3D258D502977725F00DF5D68 /* or.mp3 in Resources */,
				3D6F9651296B796300FEFBF8 /* Assets.xcassets in Resources */,
				3D258D532977725F00DF5D68 /* ou.mp3 in Resources */,
				3D258D5A2977725F00DF5D68 /* sn.mp3 in Resources */,
				3D258D562977725F00DF5D68 /* k.mp3 in Resources */,
				3D258D6B2977725F00DF5D68 /* w.mp3 in Resources */,
				3D258D8F2977725F00DF5D68 /* n.mp3 in Resources */,
				3D258D6C2977725F00DF5D68 /* l.mp3 in Resources */,
				3D258D8A2977725F00DF5D68 /* th.mp3 in Resources */,
				3D258D8E2977725F00DF5D68 /* sm.mp3 in Resources */,
				3D258D922977767B00DF5D68 /* Camera.json in Resources */,
				3D258D882977725F00DF5D68 /* f.mp3 in Resources */,
				3D6F96982970E87800FEFBF8 /* Microphone.json in Resources */,
				3D258D812977725F00DF5D68 /* cr.mp3 in Resources */,
				3D258D7A2977725F00DF5D68 /* z.mp3 in Resources */,
				3D258D762977725F00DF5D68 /* g.mp3 in Resources */,
				3D258D622977725F00DF5D68 /* ir.mp3 in Resources */,
				3D258D802977725F00DF5D68 /* ar.mp3 in Resources */,
			);
			runOnlyForDeploymentPostprocessing = 0;
		};
/* End PBXResourcesBuildPhase section */

/* Begin PBXSourcesBuildPhase section */
		3D6F9645296B796100FEFBF8 /* Sources */ = {
			isa = PBXSourcesBuildPhase;
			buildActionMask = 2147483647;
			files = (
				3D6F9680296FA98700FEFBF8 /* DimmedView.swift in Sources */,
				3D6F9687296FAD6F00FEFBF8 /* BackdropView.swift in Sources */,
				3DD87BE02971431600493874 /* UIImageExtensions.swift in Sources */,
				9036BB9F2976B71D0006C850 /* ExcellentText.swift in Sources */,
				9036BBB62976DC550006C850 /* Frog.swift in Sources */,
				3D6F9682296FAB1100FEFBF8 /* EdgeBorder.swift in Sources */,
				3D6F967B296BD2DB00FEFBF8 /* Camera.swift in Sources */,
				3D258D9E2978B55300DF5D68 /* ResultsManager.swift in Sources */,
				9036BB952976B34E0006C850 /* ListeningMicrophone.swift in Sources */,
				3D258DAE2979128000DF5D68 /* RetryButton.swift in Sources */,
				3D258DA02978C84B00DF5D68 /* GoodBackground.swift in Sources */,
				9036BBAD2976BAEC0006C850 /* ChunksContainerView.swift in Sources */,
				3D258DA82978CC0F00DF5D68 /* Crocodile.swift in Sources */,
				9036BB8C2976ADD90006C850 /* GlobalState.swift in Sources */,
				3D258D98297778BB00DF5D68 /* LeftArrow.swift in Sources */,
				3D258CFF2977711B00DF5D68 /* SoundManager.swift in Sources */,
				3DD87BDD2971429A00493874 /* ContentViewExtensions.swift in Sources */,
				3D258DA22978C8CD00DF5D68 /* SeaElephant.swift in Sources */,
				3D6F9684296FAC2A00FEFBF8 /* BoundaryCornerView.swift in Sources */,
				3D6F964F296B796200FEFBF8 /* ContentView.swift in Sources */,
				3D6F967E296FA57B00FEFBF8 /* BoundaryView.swift in Sources */,
				3D6F964D296B796200FEFBF8 /* PhonicsBuilderApp.swift in Sources */,
				9036BBA42976B7DF0006C850 /* GoodText.swift in Sources */,
				3D6F969A2970EA9900FEFBF8 /* IconsView.swift in Sources */,
				9036BBB82976DCF80006C850 /* Elephant.swift in Sources */,
				9036BBA92976B8510006C850 /* NiceTryText.swift in Sources */,
				3D6F969F29713E5A00FEFBF8 /* OverlayView.swift in Sources */,
				9036BB9C2976B6AE0006C850 /* ExcellentView.swift in Sources */,
				3D258D9C2977ABF300DF5D68 /* RecordingManager.swift in Sources */,
				3D258D942977768D00DF5D68 /* CameraView.swift in Sources */,
				3D6F96A129713F1D00FEFBF8 /* PreView.swift in Sources */,
				9036BBA72976B8320006C850 /* NiceTryView.swift in Sources */,
				9036BB9A2976B5920006C850 /* ResultsView.swift in Sources */,
				3D258DAA2978CC9B00DF5D68 /* BoxElephant.swift in Sources */,
				9036BB8A2976AB8E0006C850 /* MegaphoneView.swift in Sources */,
				3D6F968E296FE2A500FEFBF8 /* ChunkView.swift in Sources */,
				3DD87BDB2971416400493874 /* ViewExtensions.swift in Sources */,
				9036BB972976B4A70006C850 /* LoadingView.swift in Sources */,
				3D6F969D29713D7F00FEFBF8 /* MicrophoneView.swift in Sources */,
				9036BBAF2976BB390006C850 /* IndividualChunkView.swift in Sources */,
				9036BB912976B26E0006C850 /* SpeakNowText.swift in Sources */,
				9036BB8E2976AEBC0006C850 /* RecordingView.swift in Sources */,
				3D6F968C296FDA4F00FEFBF8 /* ChunksView.swift in Sources */,
				3D258D9A29777AD100DF5D68 /* TTSManager.swift in Sources */,
				9036BBB42976DBB00006C850 /* ExcellentBackground.swift in Sources */,
				3D6F9672296B9EEA00FEFBF8 /* RootView.swift in Sources */,
				9036BBBA29785B0D0006C850 /* GreenFrog.swift in Sources */,
				3D258DA62978CBBC00DF5D68 /* NiceTryBackground.swift in Sources */,
				9036BBA22976B7BE0006C850 /* GoodView.swift in Sources */,
				3D258DA42978C94E00DF5D68 /* FoxTrot.swift in Sources */,
				3D6F96962970E7F600FEFBF8 /* LottieView.swift in Sources */,
			);
			runOnlyForDeploymentPostprocessing = 0;
		};
/* End PBXSourcesBuildPhase section */

/* Begin XCBuildConfiguration section */
		3D6F9655296B796300FEFBF8 /* Debug */ = {
			isa = XCBuildConfiguration;
			buildSettings = {
				ALWAYS_SEARCH_USER_PATHS = NO;
				CLANG_ANALYZER_NONNULL = YES;
				CLANG_ANALYZER_NUMBER_OBJECT_CONVERSION = YES_AGGRESSIVE;
				CLANG_CXX_LANGUAGE_STANDARD = "gnu++20";
				CLANG_ENABLE_MODULES = YES;
				CLANG_ENABLE_OBJC_ARC = YES;
				CLANG_ENABLE_OBJC_WEAK = YES;
				CLANG_WARN_BLOCK_CAPTURE_AUTORELEASING = YES;
				CLANG_WARN_BOOL_CONVERSION = YES;
				CLANG_WARN_COMMA = YES;
				CLANG_WARN_CONSTANT_CONVERSION = YES;
				CLANG_WARN_DEPRECATED_OBJC_IMPLEMENTATIONS = YES;
				CLANG_WARN_DIRECT_OBJC_ISA_USAGE = YES_ERROR;
				CLANG_WARN_DOCUMENTATION_COMMENTS = YES;
				CLANG_WARN_EMPTY_BODY = YES;
				CLANG_WARN_ENUM_CONVERSION = YES;
				CLANG_WARN_INFINITE_RECURSION = YES;
				CLANG_WARN_INT_CONVERSION = YES;
				CLANG_WARN_NON_LITERAL_NULL_CONVERSION = YES;
				CLANG_WARN_OBJC_IMPLICIT_RETAIN_SELF = YES;
				CLANG_WARN_OBJC_LITERAL_CONVERSION = YES;
				CLANG_WARN_OBJC_ROOT_CLASS = YES_ERROR;
				CLANG_WARN_QUOTED_INCLUDE_IN_FRAMEWORK_HEADER = YES;
				CLANG_WARN_RANGE_LOOP_ANALYSIS = YES;
				CLANG_WARN_STRICT_PROTOTYPES = YES;
				CLANG_WARN_SUSPICIOUS_MOVE = YES;
				CLANG_WARN_UNGUARDED_AVAILABILITY = YES_AGGRESSIVE;
				CLANG_WARN_UNREACHABLE_CODE = YES;
				CLANG_WARN__DUPLICATE_METHOD_MATCH = YES;
				COPY_PHASE_STRIP = NO;
				DEBUG_INFORMATION_FORMAT = dwarf;
				ENABLE_STRICT_OBJC_MSGSEND = YES;
				ENABLE_TESTABILITY = YES;
				GCC_C_LANGUAGE_STANDARD = gnu11;
				GCC_DYNAMIC_NO_PIC = NO;
				GCC_NO_COMMON_BLOCKS = YES;
				GCC_OPTIMIZATION_LEVEL = 0;
				GCC_PREPROCESSOR_DEFINITIONS = (
					"DEBUG=1",
					"$(inherited)",
				);
				GCC_WARN_64_TO_32_BIT_CONVERSION = YES;
				GCC_WARN_ABOUT_RETURN_TYPE = YES_ERROR;
				GCC_WARN_UNDECLARED_SELECTOR = YES;
				GCC_WARN_UNINITIALIZED_AUTOS = YES_AGGRESSIVE;
				GCC_WARN_UNUSED_FUNCTION = YES;
				GCC_WARN_UNUSED_VARIABLE = YES;
				IPHONEOS_DEPLOYMENT_TARGET = 14.0;
				MTL_ENABLE_DEBUG_INFO = INCLUDE_SOURCE;
				MTL_FAST_MATH = YES;
				ONLY_ACTIVE_ARCH = YES;
				SDKROOT = iphoneos;
				SWIFT_ACTIVE_COMPILATION_CONDITIONS = DEBUG;
				SWIFT_OPTIMIZATION_LEVEL = "-Onone";
			};
			name = Debug;
		};
		3D6F9656296B796300FEFBF8 /* Release */ = {
			isa = XCBuildConfiguration;
			buildSettings = {
				ALWAYS_SEARCH_USER_PATHS = NO;
				CLANG_ANALYZER_NONNULL = YES;
				CLANG_ANALYZER_NUMBER_OBJECT_CONVERSION = YES_AGGRESSIVE;
				CLANG_CXX_LANGUAGE_STANDARD = "gnu++20";
				CLANG_ENABLE_MODULES = YES;
				CLANG_ENABLE_OBJC_ARC = YES;
				CLANG_ENABLE_OBJC_WEAK = YES;
				CLANG_WARN_BLOCK_CAPTURE_AUTORELEASING = YES;
				CLANG_WARN_BOOL_CONVERSION = YES;
				CLANG_WARN_COMMA = YES;
				CLANG_WARN_CONSTANT_CONVERSION = YES;
				CLANG_WARN_DEPRECATED_OBJC_IMPLEMENTATIONS = YES;
				CLANG_WARN_DIRECT_OBJC_ISA_USAGE = YES_ERROR;
				CLANG_WARN_DOCUMENTATION_COMMENTS = YES;
				CLANG_WARN_EMPTY_BODY = YES;
				CLANG_WARN_ENUM_CONVERSION = YES;
				CLANG_WARN_INFINITE_RECURSION = YES;
				CLANG_WARN_INT_CONVERSION = YES;
				CLANG_WARN_NON_LITERAL_NULL_CONVERSION = YES;
				CLANG_WARN_OBJC_IMPLICIT_RETAIN_SELF = YES;
				CLANG_WARN_OBJC_LITERAL_CONVERSION = YES;
				CLANG_WARN_OBJC_ROOT_CLASS = YES_ERROR;
				CLANG_WARN_QUOTED_INCLUDE_IN_FRAMEWORK_HEADER = YES;
				CLANG_WARN_RANGE_LOOP_ANALYSIS = YES;
				CLANG_WARN_STRICT_PROTOTYPES = YES;
				CLANG_WARN_SUSPICIOUS_MOVE = YES;
				CLANG_WARN_UNGUARDED_AVAILABILITY = YES_AGGRESSIVE;
				CLANG_WARN_UNREACHABLE_CODE = YES;
				CLANG_WARN__DUPLICATE_METHOD_MATCH = YES;
				COPY_PHASE_STRIP = NO;
				DEBUG_INFORMATION_FORMAT = "dwarf-with-dsym";
				ENABLE_NS_ASSERTIONS = NO;
				ENABLE_STRICT_OBJC_MSGSEND = YES;
				GCC_C_LANGUAGE_STANDARD = gnu11;
				GCC_NO_COMMON_BLOCKS = YES;
				GCC_WARN_64_TO_32_BIT_CONVERSION = YES;
				GCC_WARN_ABOUT_RETURN_TYPE = YES_ERROR;
				GCC_WARN_UNDECLARED_SELECTOR = YES;
				GCC_WARN_UNINITIALIZED_AUTOS = YES_AGGRESSIVE;
				GCC_WARN_UNUSED_FUNCTION = YES;
				GCC_WARN_UNUSED_VARIABLE = YES;
				IPHONEOS_DEPLOYMENT_TARGET = 14.0;
				MTL_ENABLE_DEBUG_INFO = NO;
				MTL_FAST_MATH = YES;
				SDKROOT = iphoneos;
				SWIFT_COMPILATION_MODE = wholemodule;
				SWIFT_OPTIMIZATION_LEVEL = "-O";
				VALIDATE_PRODUCT = YES;
			};
			name = Release;
		};
		3D6F9658296B796300FEFBF8 /* Debug */ = {
			isa = XCBuildConfiguration;
			buildSettings = {
				ASSETCATALOG_COMPILER_APPICON_NAME = AppIcon;
				ASSETCATALOG_COMPILER_GLOBAL_ACCENT_COLOR_NAME = AccentColor;
				CODE_SIGN_STYLE = Automatic;
				CURRENT_PROJECT_VERSION = 1;
				DEVELOPMENT_ASSET_PATHS = "\"PhonicsBuilder/Preview Content\"";
				DEVELOPMENT_TEAM = 862P2X6G9G;
				ENABLE_PREVIEWS = YES;
				GENERATE_INFOPLIST_FILE = YES;
				INFOPLIST_FILE = PhonicsBuilder/Info.plist;
				INFOPLIST_KEY_LSApplicationCategoryType = "public.app-category.education";
				INFOPLIST_KEY_NSCameraUsageDescription = "카메라 접근 권한이 필요합니다.";
				INFOPLIST_KEY_NSMicrophoneUsageDescription = "마이크 접근 권한이 필요합니다.";
				INFOPLIST_KEY_UIApplicationSceneManifest_Generation = YES;
				INFOPLIST_KEY_UIApplicationSupportsIndirectInputEvents = YES;
				INFOPLIST_KEY_UILaunchScreen_Generation = YES;
				INFOPLIST_KEY_UIRequiresFullScreen = YES;
				INFOPLIST_KEY_UISupportedInterfaceOrientations = UIInterfaceOrientationLandscapeRight;
				LD_RUNPATH_SEARCH_PATHS = (
					"$(inherited)",
					"@executable_path/Frameworks",
				);
				MARKETING_VERSION = 1.0;
				PRODUCT_BUNDLE_IDENTIFIER = jinwookkim.com.PhonicsBuilder;
				PRODUCT_NAME = "$(TARGET_NAME)";
				SWIFT_EMIT_LOC_STRINGS = YES;
				SWIFT_VERSION = 5.0;
				TARGETED_DEVICE_FAMILY = "1,2";
			};
			name = Debug;
		};
		3D6F9659296B796300FEFBF8 /* Release */ = {
			isa = XCBuildConfiguration;
			buildSettings = {
				ASSETCATALOG_COMPILER_APPICON_NAME = AppIcon;
				ASSETCATALOG_COMPILER_GLOBAL_ACCENT_COLOR_NAME = AccentColor;
				CODE_SIGN_STYLE = Automatic;
				CURRENT_PROJECT_VERSION = 1;
				DEVELOPMENT_ASSET_PATHS = "\"PhonicsBuilder/Preview Content\"";
				DEVELOPMENT_TEAM = 862P2X6G9G;
				ENABLE_PREVIEWS = YES;
				GENERATE_INFOPLIST_FILE = YES;
				INFOPLIST_FILE = PhonicsBuilder/Info.plist;
				INFOPLIST_KEY_LSApplicationCategoryType = "public.app-category.education";
				INFOPLIST_KEY_NSCameraUsageDescription = "카메라 접근 권한이 필요합니다.";
				INFOPLIST_KEY_NSMicrophoneUsageDescription = "마이크 접근 권한이 필요합니다.";
				INFOPLIST_KEY_UIApplicationSceneManifest_Generation = YES;
				INFOPLIST_KEY_UIApplicationSupportsIndirectInputEvents = YES;
				INFOPLIST_KEY_UILaunchScreen_Generation = YES;
				INFOPLIST_KEY_UIRequiresFullScreen = YES;
				INFOPLIST_KEY_UISupportedInterfaceOrientations = UIInterfaceOrientationLandscapeRight;
				LD_RUNPATH_SEARCH_PATHS = (
					"$(inherited)",
					"@executable_path/Frameworks",
				);
				MARKETING_VERSION = 1.0;
				PRODUCT_BUNDLE_IDENTIFIER = jinwookkim.com.PhonicsBuilder;
				PRODUCT_NAME = "$(TARGET_NAME)";
				SWIFT_EMIT_LOC_STRINGS = YES;
				SWIFT_VERSION = 5.0;
				TARGETED_DEVICE_FAMILY = "1,2";
			};
			name = Release;
		};
/* End XCBuildConfiguration section */

/* Begin XCConfigurationList section */
		3D6F9644296B796100FEFBF8 /* Build configuration list for PBXProject "PhonicsBuilder" */ = {
			isa = XCConfigurationList;
			buildConfigurations = (
				3D6F9655296B796300FEFBF8 /* Debug */,
				3D6F9656296B796300FEFBF8 /* Release */,
			);
			defaultConfigurationIsVisible = 0;
			defaultConfigurationName = Release;
		};
		3D6F9657296B796300FEFBF8 /* Build configuration list for PBXNativeTarget "PhonicsBuilder" */ = {
			isa = XCConfigurationList;
			buildConfigurations = (
				3D6F9658296B796300FEFBF8 /* Debug */,
				3D6F9659296B796300FEFBF8 /* Release */,
			);
			defaultConfigurationIsVisible = 0;
			defaultConfigurationName = Release;
		};
/* End XCConfigurationList section */

/* Begin XCRemoteSwiftPackageReference section */
		3D6F96922970E6E200FEFBF8 /* XCRemoteSwiftPackageReference "lottie-ios" */ = {
			isa = XCRemoteSwiftPackageReference;
			repositoryURL = "https://github.com/airbnb/lottie-ios";
			requirement = {
				kind = upToNextMajorVersion;
				minimumVersion = 4.0.0;
			};
		};
/* End XCRemoteSwiftPackageReference section */

/* Begin XCSwiftPackageProductDependency section */
		3D6F96932970E6E200FEFBF8 /* Lottie */ = {
			isa = XCSwiftPackageProductDependency;
			package = 3D6F96922970E6E200FEFBF8 /* XCRemoteSwiftPackageReference "lottie-ios" */;
			productName = Lottie;
		};
/* End XCSwiftPackageProductDependency section */
	};
	rootObject = 3D6F9641296B796100FEFBF8 /* Project object */;
}
